{
  "version": 4,
  "terraform_version": "1.1.4",
  "serial": 78,
  "lineage": "27eb9cd1-db98-0033-047f-929a3b1a10b5",
  "outputs": {
    "cloud_run_id": {
      "value": "locations/europe-west3/namespaces/dbiplake-gft-poc-387706/services/cloudrun-srv",
      "type": "string"
    },
    "cloud_run_url": {
      "value": "https://cloudrun-srv-fgkduiraaq-ey.a.run.app",
      "type": "string"
    }
  },
  "resources": [
    {
      "mode": "data",
      "type": "google_project",
      "name": "project",
      "provider": "provider[\"registry.terraform.io/hashicorp/google\"]",
      "instances": [
        {
          "schema_version": 0,
          "attributes": {
            "auto_create_network": null,
            "billing_account": "01A2F5-73127B-50AE5B",
            "folder_id": "404095226213",
            "id": "projects/dbiplake-gft-poc-387706",
            "labels": {
              "dont-delete": "till-31-12-2023",
              "owner": "rdgi"
            },
            "name": "dbiplake-gft-poc",
            "number": "485283744631",
            "org_id": "",
            "project_id": "dbiplake-gft-poc-387706",
            "skip_delete": null
          },
          "sensitive_attributes": []
        }
      ]
    },
    {
      "mode": "data",
      "type": "google_storage_project_service_account",
      "name": "gcs_account",
      "provider": "provider[\"registry.terraform.io/hashicorp/google\"]",
      "instances": [
        {
          "schema_version": 0,
          "attributes": {
            "email_address": "service-485283744631@gs-project-accounts.iam.gserviceaccount.com",
            "id": "service-485283744631@gs-project-accounts.iam.gserviceaccount.com",
            "member": "serviceAccount:service-485283744631@gs-project-accounts.iam.gserviceaccount.com",
            "project": "dbiplake-gft-poc-387706",
            "user_project": null
          },
          "sensitive_attributes": []
        }
      ]
    },
    {
      "mode": "managed",
      "type": "google_cloud_run_service",
      "name": "default",
      "provider": "provider[\"registry.terraform.io/hashicorp/google\"]",
      "instances": [
        {
          "schema_version": 1,
          "attributes": {
            "autogenerate_revision_name": false,
            "id": "locations/europe-west3/namespaces/dbiplake-gft-poc-387706/services/cloudrun-srv",
            "location": "europe-west3",
            "metadata": [
              {
                "annotations": {
                  "run.googleapis.com/ingress": "all",
                  "run.googleapis.com/ingress-status": "all",
                  "run.googleapis.com/operation-id": "a7683bd9-0dc4-43a2-8010-5ee6b3d5e07f",
                  "serving.knative.dev/creator": "RDGI@gft.com",
                  "serving.knative.dev/lastModifier": "RDGI@gft.com"
                },
                "generation": 1,
                "labels": {
                  "cloud.googleapis.com/location": "europe-west3",
                  "run.googleapis.com/satisfiesPzs": "true"
                },
                "namespace": "dbiplake-gft-poc-387706",
                "resource_version": "AAX8gc/llF4",
                "self_link": "/apis/serving.knative.dev/v1/namespaces/485283744631/services/cloudrun-srv",
                "uid": "cb57b6f3-c5b9-4073-87bc-f34d0cfb86d4"
              }
            ],
            "name": "cloudrun-srv",
            "project": "dbiplake-gft-poc-387706",
            "status": [
              {
                "conditions": [
                  {
                    "message": "",
                    "reason": "",
                    "status": "True",
                    "type": "Ready"
                  },
                  {
                    "message": "",
                    "reason": "",
                    "status": "True",
                    "type": "ConfigurationsReady"
                  },
                  {
                    "message": "",
                    "reason": "",
                    "status": "True",
                    "type": "RoutesReady"
                  }
                ],
                "latest_created_revision_name": "cloudrun-srv-00001-g7s",
                "latest_ready_revision_name": "cloudrun-srv-00001-g7s",
                "observed_generation": 1,
                "url": "https://cloudrun-srv-fgkduiraaq-ey.a.run.app"
              }
            ],
            "template": [
              {
                "metadata": [
                  {
                    "annotations": {
                      "autoscaling.knative.dev/maxScale": "100"
                    },
                    "generation": 0,
                    "labels": {
                      "dont-delete": "till-31-12-2023",
                      "owner": "rdgi"
                    },
                    "name": "",
                    "namespace": "",
                    "resource_version": "",
                    "self_link": "",
                    "uid": ""
                  }
                ],
                "spec": [
                  {
                    "container_concurrency": 80,
                    "containers": [
                      {
                        "args": [],
                        "command": [],
                        "env": [],
                        "env_from": [],
                        "image": "us-docker.pkg.dev/cloudrun/container/hello",
                        "liveness_probe": [],
                        "ports": [
                          {
                            "container_port": 8080,
                            "name": "http1",
                            "protocol": ""
                          }
                        ],
                        "resources": [
                          {
                            "limits": {
                              "cpu": "1000m",
                              "memory": "512Mi"
                            },
                            "requests": {}
                          }
                        ],
                        "startup_probe": [
                          {
                            "failure_threshold": 1,
                            "grpc": [],
                            "http_get": [],
                            "initial_delay_seconds": 0,
                            "period_seconds": 240,
                            "tcp_socket": [
                              {
                                "port": 8080
                              }
                            ],
                            "timeout_seconds": 240
                          }
                        ],
                        "volume_mounts": [],
                        "working_dir": ""
                      }
                    ],
                    "service_account_name": "485283744631-compute@developer.gserviceaccount.com",
                    "serving_state": "",
                    "timeout_seconds": 300,
                    "volumes": []
                  }
                ]
              }
            ],
            "timeouts": null,
            "traffic": [
              {
                "latest_revision": true,
                "percent": 100,
                "revision_name": "",
                "tag": "",
                "url": ""
              }
            ]
          },
          "sensitive_attributes": [],
          "private": "eyJlMmJmYjczMC1lY2FhLTExZTYtOGY4OC0zNDM2M2JjN2M0YzAiOnsiY3JlYXRlIjoxMjAwMDAwMDAwMDAwLCJkZWxldGUiOjEyMDAwMDAwMDAwMDAsInVwZGF0ZSI6MTIwMDAwMDAwMDAwMH0sInNjaGVtYV92ZXJzaW9uIjoiMSJ9",
          "dependencies": [
            "google_project_service.run_api"
          ]
        }
      ]
    },
    {
      "mode": "managed",
      "type": "google_cloud_run_service_iam_binding",
      "name": "binding",
      "provider": "provider[\"registry.terraform.io/hashicorp/google\"]",
      "instances": [
        {
          "schema_version": 0,
          "attributes": {
            "condition": [],
            "etag": "BwX8hdt4piY=",
            "id": "v1/projects/dbiplake-gft-poc-387706/locations/europe-west3/services/cloudrun-srv/roles/run.invoker",
            "location": "europe-west3",
            "members": [
              "serviceAccount:cloud-run-pubsub-invoker@dbiplake-gft-poc-387706.iam.gserviceaccount.com"
            ],
            "project": "dbiplake-gft-poc-387706",
            "role": "roles/run.invoker",
            "service": "v1/projects/dbiplake-gft-poc-387706/locations/europe-west3/services/cloudrun-srv"
          },
          "sensitive_attributes": [],
          "private": "bnVsbA==",
          "dependencies": [
            "google_cloud_run_service.default",
            "google_project_service.run_api",
            "google_service_account.pubsub_subscription"
          ]
        }
      ]
    },
    {
      "mode": "managed",
      "type": "google_project_iam_binding",
      "name": "project_token_creator",
      "provider": "provider[\"registry.terraform.io/hashicorp/google\"]",
      "instances": [
        {
          "schema_version": 0,
          "attributes": {
            "condition": [],
            "etag": "BwX8gcZ4tCI=",
            "id": "dbiplake-gft-poc-387706/roles/iam.serviceAccountTokenCreator",
            "members": [
              "serviceAccount:service-485283744631@gcp-sa-pubsub.iam.gserviceaccount.com"
            ],
            "project": "dbiplake-gft-poc-387706",
            "role": "roles/iam.serviceAccountTokenCreator"
          },
          "sensitive_attributes": [],
          "private": "bnVsbA==",
          "dependencies": [
            "data.google_project.project",
            "google_project_service_identity.pubsub_agent"
          ]
        }
      ]
    },
    {
      "mode": "managed",
      "type": "google_project_service",
      "name": "run_api",
      "provider": "provider[\"registry.terraform.io/hashicorp/google\"]",
      "instances": [
        {
          "schema_version": 0,
          "attributes": {
            "disable_dependent_services": null,
            "disable_on_destroy": true,
            "id": "dbiplake-gft-poc-387706/run.googleapis.com",
            "project": "dbiplake-gft-poc-387706",
            "service": "run.googleapis.com",
            "timeouts": null
          },
          "sensitive_attributes": [],
          "private": "eyJlMmJmYjczMC1lY2FhLTExZTYtOGY4OC0zNDM2M2JjN2M0YzAiOnsiY3JlYXRlIjoxMjAwMDAwMDAwMDAwLCJkZWxldGUiOjEyMDAwMDAwMDAwMDAsInJlYWQiOjYwMDAwMDAwMDAwMCwidXBkYXRlIjoxMjAwMDAwMDAwMDAwfX0="
        }
      ]
    },
    {
      "mode": "managed",
      "type": "google_project_service_identity",
      "name": "pubsub_agent",
      "provider": "provider[\"registry.terraform.io/hashicorp/google-beta\"]",
      "instances": [
        {
          "schema_version": 0,
          "attributes": {
            "email": "service-485283744631@gcp-sa-pubsub.iam.gserviceaccount.com",
            "id": "projects/dbiplake-gft-poc-387706/services/pubsub.googleapis.com",
            "project": "dbiplake-gft-poc-387706",
            "service": "pubsub.googleapis.com",
            "timeouts": null
          },
          "sensitive_attributes": [],
          "private": "eyJlMmJmYjczMC1lY2FhLTExZTYtOGY4OC0zNDM2M2JjN2M0YzAiOnsiY3JlYXRlIjoxMjAwMDAwMDAwMDAwLCJkZWxldGUiOjEyMDAwMDAwMDAwMDAsInJlYWQiOjYwMDAwMDAwMDAwMH19",
          "dependencies": [
            "data.google_project.project"
          ]
        }
      ]
    },
    {
      "mode": "managed",
      "type": "google_pubsub_subscription",
      "name": "cloudrun",
      "provider": "provider[\"registry.terraform.io/hashicorp/google\"]",
      "instances": [
        {
          "schema_version": 0,
          "attributes": {
            "ack_deadline_seconds": 10,
            "bigquery_config": [],
            "dead_letter_policy": [],
            "enable_exactly_once_delivery": false,
            "enable_message_ordering": false,
            "expiration_policy": [
              {
                "ttl": "2678400s"
              }
            ],
            "filter": "",
            "id": "projects/dbiplake-gft-poc-387706/subscriptions/pubsub_subscription",
            "labels": {},
            "message_retention_duration": "604800s",
            "name": "pubsub_subscription",
            "project": "dbiplake-gft-poc-387706",
            "push_config": [
              {
                "attributes": {},
                "oidc_token": [
                  {
                    "audience": "",
                    "service_account_email": "cloud-run-pubsub-invoker@dbiplake-gft-poc-387706.iam.gserviceaccount.com"
                  }
                ],
                "push_endpoint": "https://cloudrun-srv-fgkduiraaq-ey.a.run.app"
              }
            ],
            "retain_acked_messages": false,
            "retry_policy": [],
            "timeouts": null,
            "topic": "projects/dbiplake-gft-poc-387706/topics/cloud_run_topic"
          },
          "sensitive_attributes": [],
          "private": "eyJlMmJmYjczMC1lY2FhLTExZTYtOGY4OC0zNDM2M2JjN2M0YzAiOnsiY3JlYXRlIjoxMjAwMDAwMDAwMDAwLCJkZWxldGUiOjEyMDAwMDAwMDAwMDAsInVwZGF0ZSI6MTIwMDAwMDAwMDAwMH19",
          "dependencies": [
            "google_cloud_run_service.default",
            "google_project_service.run_api",
            "google_pubsub_topic.topic",
            "google_service_account.pubsub_subscription"
          ]
        }
      ]
    },
    {
      "mode": "managed",
      "type": "google_pubsub_topic",
      "name": "topic",
      "provider": "provider[\"registry.terraform.io/hashicorp/google\"]",
      "instances": [
        {
          "schema_version": 0,
          "attributes": {
            "id": "projects/dbiplake-gft-poc-387706/topics/cloud_run_topic",
            "kms_key_name": "",
            "labels": {},
            "message_retention_duration": "",
            "message_storage_policy": [],
            "name": "cloud_run_topic",
            "project": "dbiplake-gft-poc-387706",
            "schema_settings": [],
            "timeouts": null
          },
          "sensitive_attributes": [],
          "private": "eyJlMmJmYjczMC1lY2FhLTExZTYtOGY4OC0zNDM2M2JjN2M0YzAiOnsiY3JlYXRlIjoxMjAwMDAwMDAwMDAwLCJkZWxldGUiOjEyMDAwMDAwMDAwMDAsInVwZGF0ZSI6MTIwMDAwMDAwMDAwMH19"
        }
      ]
    },
    {
      "mode": "managed",
      "type": "google_pubsub_topic_iam_binding",
      "name": "binding",
      "provider": "provider[\"registry.terraform.io/hashicorp/google\"]",
      "instances": [
        {
          "schema_version": 0,
          "attributes": {
            "condition": [],
            "etag": "BwX8f75scWc=",
            "id": "projects/dbiplake-gft-poc-387706/topics/cloud_run_topic/roles/pubsub.publisher",
            "members": [
              "serviceAccount:service-485283744631@gs-project-accounts.iam.gserviceaccount.com"
            ],
            "project": "dbiplake-gft-poc-387706",
            "role": "roles/pubsub.publisher",
            "topic": "projects/dbiplake-gft-poc-387706/topics/cloud_run_topic"
          },
          "sensitive_attributes": [],
          "private": "bnVsbA==",
          "dependencies": [
            "data.google_storage_project_service_account.gcs_account",
            "google_pubsub_topic.topic"
          ]
        }
      ]
    },
    {
      "mode": "managed",
      "type": "google_service_account",
      "name": "pubsub_subscription",
      "provider": "provider[\"registry.terraform.io/hashicorp/google\"]",
      "instances": [
        {
          "schema_version": 0,
          "attributes": {
            "account_id": "cloud-run-pubsub-invoker",
            "description": "",
            "disabled": false,
            "display_name": "Cloud Run Pub/Sub Invoker",
            "email": "cloud-run-pubsub-invoker@dbiplake-gft-poc-387706.iam.gserviceaccount.com",
            "id": "projects/dbiplake-gft-poc-387706/serviceAccounts/cloud-run-pubsub-invoker@dbiplake-gft-poc-387706.iam.gserviceaccount.com",
            "member": "serviceAccount:cloud-run-pubsub-invoker@dbiplake-gft-poc-387706.iam.gserviceaccount.com",
            "name": "projects/dbiplake-gft-poc-387706/serviceAccounts/cloud-run-pubsub-invoker@dbiplake-gft-poc-387706.iam.gserviceaccount.com",
            "project": "dbiplake-gft-poc-387706",
            "timeouts": null,
            "unique_id": "114967569214108002831"
          },
          "sensitive_attributes": [],
          "private": "eyJlMmJmYjczMC1lY2FhLTExZTYtOGY4OC0zNDM2M2JjN2M0YzAiOnsiY3JlYXRlIjozMDAwMDAwMDAwMDB9fQ=="
        }
      ]
    },
    {
      "mode": "managed",
      "type": "google_storage_bucket",
      "name": "destination_bucket",
      "provider": "provider[\"registry.terraform.io/hashicorp/google\"]",
      "instances": [
        {
          "schema_version": 0,
          "attributes": {
            "autoclass": [],
            "cors": [],
            "custom_placement_config": [],
            "default_event_based_hold": false,
            "encryption": [],
            "force_destroy": false,
            "id": "dd3270f56ea9c24d-destination-bucket",
            "labels": {
              "dont-delete": "till-31-12-2023",
              "owner": "rdgi"
            },
            "lifecycle_rule": [],
            "location": "US",
            "logging": [],
            "name": "dd3270f56ea9c24d-destination-bucket",
            "project": "dbiplake-gft-poc-387706",
            "public_access_prevention": "inherited",
            "requester_pays": false,
            "retention_policy": [],
            "self_link": "https://www.googleapis.com/storage/v1/b/dd3270f56ea9c24d-destination-bucket",
            "storage_class": "STANDARD",
            "timeouts": null,
            "uniform_bucket_level_access": true,
            "url": "gs://dd3270f56ea9c24d-destination-bucket",
            "versioning": [],
            "website": []
          },
          "sensitive_attributes": [],
          "private": "eyJlMmJmYjczMC1lY2FhLTExZTYtOGY4OC0zNDM2M2JjN2M0YzAiOnsiY3JlYXRlIjo2MDAwMDAwMDAwMDAsInJlYWQiOjI0MDAwMDAwMDAwMCwidXBkYXRlIjoyNDAwMDAwMDAwMDB9fQ==",
          "dependencies": [
            "random_id.bucket_prefix"
          ]
        }
      ]
    },
    {
      "mode": "managed",
      "type": "google_storage_bucket",
      "name": "source_bucket",
      "provider": "provider[\"registry.terraform.io/hashicorp/google\"]",
      "instances": [
        {
          "schema_version": 0,
          "attributes": {
            "autoclass": [],
            "cors": [],
            "custom_placement_config": [],
            "default_event_based_hold": false,
            "encryption": [],
            "force_destroy": false,
            "id": "dd3270f56ea9c24d-source-bucket",
            "labels": {
              "dont-delete": "till-31-12-2023",
              "owner": "rdgi"
            },
            "lifecycle_rule": [],
            "location": "US",
            "logging": [],
            "name": "dd3270f56ea9c24d-source-bucket",
            "project": "dbiplake-gft-poc-387706",
            "public_access_prevention": "inherited",
            "requester_pays": false,
            "retention_policy": [],
            "self_link": "https://www.googleapis.com/storage/v1/b/dd3270f56ea9c24d-source-bucket",
            "storage_class": "STANDARD",
            "timeouts": null,
            "uniform_bucket_level_access": true,
            "url": "gs://dd3270f56ea9c24d-source-bucket",
            "versioning": [],
            "website": []
          },
          "sensitive_attributes": [],
          "private": "eyJlMmJmYjczMC1lY2FhLTExZTYtOGY4OC0zNDM2M2JjN2M0YzAiOnsiY3JlYXRlIjo2MDAwMDAwMDAwMDAsInJlYWQiOjI0MDAwMDAwMDAwMCwidXBkYXRlIjoyNDAwMDAwMDAwMDB9fQ==",
          "dependencies": [
            "random_id.bucket_prefix"
          ]
        }
      ]
    },
    {
      "mode": "managed",
      "type": "google_storage_bucket",
      "name": "tfsate",
      "provider": "provider[\"registry.terraform.io/hashicorp/google\"]",
      "instances": [
        {
          "schema_version": 0,
          "attributes": {
            "autoclass": [],
            "cors": [],
            "custom_placement_config": [],
            "default_event_based_hold": false,
            "encryption": [],
            "force_destroy": false,
            "id": "dd3270f56ea9c24d-bucket-tfstate",
            "labels": {
              "dont-delete": "till-31-12-2023",
              "owner": "rdgi"
            },
            "lifecycle_rule": [],
            "location": "EU",
            "logging": [],
            "name": "dd3270f56ea9c24d-bucket-tfstate",
            "project": "dbiplake-gft-poc-387706",
            "public_access_prevention": "inherited",
            "requester_pays": false,
            "retention_policy": [],
            "self_link": "https://www.googleapis.com/storage/v1/b/dd3270f56ea9c24d-bucket-tfstate",
            "storage_class": "STANDARD",
            "timeouts": null,
            "uniform_bucket_level_access": true,
            "url": "gs://dd3270f56ea9c24d-bucket-tfstate",
            "versioning": [
              {
                "enabled": true
              }
            ],
            "website": []
          },
          "sensitive_attributes": [],
          "private": "eyJlMmJmYjczMC1lY2FhLTExZTYtOGY4OC0zNDM2M2JjN2M0YzAiOnsiY3JlYXRlIjo2MDAwMDAwMDAwMDAsInJlYWQiOjI0MDAwMDAwMDAwMCwidXBkYXRlIjoyNDAwMDAwMDAwMDB9fQ==",
          "dependencies": [
            "random_id.bucket_prefix"
          ]
        }
      ]
    },
    {
      "mode": "managed",
      "type": "google_storage_notification",
      "name": "notification",
      "provider": "provider[\"registry.terraform.io/hashicorp/google\"]",
      "instances": [
        {
          "schema_version": 0,
          "attributes": {
            "bucket": "dd3270f56ea9c24d-destination-bucket",
            "custom_attributes": {},
            "event_types": [],
            "id": "dd3270f56ea9c24d-destination-bucket/notificationConfigs/1",
            "notification_id": "1",
            "object_name_prefix": "",
            "payload_format": "JSON_API_V1",
            "self_link": "https://www.googleapis.com/storage/v1/b/dd3270f56ea9c24d-destination-bucket/notificationConfigs/1",
            "topic": "//pubsub.googleapis.com/projects/dbiplake-gft-poc-387706/topics/cloud_run_topic"
          },
          "sensitive_attributes": [],
          "private": "bnVsbA==",
          "dependencies": [
            "data.google_storage_project_service_account.gcs_account",
            "google_pubsub_topic.topic",
            "google_pubsub_topic_iam_binding.binding",
            "google_storage_bucket.destination_bucket",
            "random_id.bucket_prefix"
          ]
        }
      ]
    },
    {
      "mode": "managed",
      "type": "random_id",
      "name": "bucket_prefix",
      "provider": "provider[\"registry.terraform.io/hashicorp/random\"]",
      "instances": [
        {
          "schema_version": 0,
          "attributes": {
            "b64_std": "3TJw9W6pwk0=",
            "b64_url": "3TJw9W6pwk0",
            "byte_length": 8,
            "dec": "15938926230643524173",
            "hex": "dd3270f56ea9c24d",
            "id": "3TJw9W6pwk0",
            "keepers": null,
            "prefix": null
          },
          "sensitive_attributes": []
        }
      ]
    }
  ]
}
