{
  "version": 4,
  "terraform_version": "1.1.4",
  "serial": 32,
  "lineage": "928663f6-b949-5579-0e3d-c5af0e08f124",
  "outputs": {},
  "resources": [
    {
      "mode": "data",
      "type": "google_project",
      "name": "project",
      "provider": "provider[\"registry.terraform.io/hashicorp/google\"]",
      "instances": [
        {
          "schema_version": 0,
          "attributes": {
            "auto_create_network": null,
            "billing_account": "01A2F5-73127B-50AE5B",
            "folder_id": "404095226213",
            "id": "projects/dbiplake-gft-poc",
            "labels": {},
            "name": "dbiplake-gft-poc",
            "number": "1058465357380",
            "org_id": "",
            "project_id": "dbiplake-gft-poc",
            "skip_delete": null
          },
          "sensitive_attributes": []
        }
      ]
    },
    {
      "mode": "managed",
      "type": "google_artifact_registry_repository",
      "name": "docker-repo",
      "provider": "provider[\"registry.terraform.io/hashicorp/google\"]",
      "instances": [
        {
          "schema_version": 0,
          "attributes": {
            "create_time": "2023-05-23T11:43:34.082638Z",
            "description": "docker repository for images to run in Cloud Run",
            "docker_config": [
              {
                "immutable_tags": true
              }
            ],
            "format": "DOCKER",
            "id": "projects/dbiplake-gft-poc/locations/europe-west3/repositories/docker-repo",
            "kms_key_name": "",
            "labels": {
              "dont-delete": "till-31-12-2023",
              "owner": "rdgi"
            },
            "location": "europe-west3",
            "maven_config": [],
            "mode": "STANDARD_REPOSITORY",
            "name": "docker-repo",
            "project": "dbiplake-gft-poc",
            "remote_repository_config": [],
            "repository_id": "docker-repo",
            "timeouts": null,
            "update_time": "2023-05-23T11:43:34.082638Z",
            "virtual_repository_config": []
          },
          "sensitive_attributes": [],
          "private": "eyJlMmJmYjczMC1lY2FhLTExZTYtOGY4OC0zNDM2M2JjN2M0YzAiOnsiY3JlYXRlIjoxMjAwMDAwMDAwMDAwLCJkZWxldGUiOjEyMDAwMDAwMDAwMDAsInVwZGF0ZSI6MTIwMDAwMDAwMDAwMH19",
          "dependencies": [
            "google_project_service.registry_api"
          ]
        }
      ]
    },
    {
      "mode": "managed",
      "type": "google_cloud_run_service",
      "name": "default",
      "provider": "provider[\"registry.terraform.io/hashicorp/google\"]",
      "instances": [
        {
          "schema_version": 1,
          "attributes": {
            "autogenerate_revision_name": false,
            "id": "locations/europe-west3/namespaces/dbiplake-gft-poc/services/cloudrun-srv",
            "location": "europe-west3",
            "metadata": [
              {
                "annotations": {
                  "run.googleapis.com/ingress": "all",
                  "run.googleapis.com/ingress-status": "all",
                  "run.googleapis.com/operation-id": "7fafda35-25fa-4d71-8a89-b7808b43b9a4",
                  "serving.knative.dev/creator": "RDGI@gft.com",
                  "serving.knative.dev/lastModifier": "RDGI@gft.com"
                },
                "generation": 1,
                "labels": {
                  "cloud.googleapis.com/location": "europe-west3",
                  "run.googleapis.com/satisfiesPzs": "true"
                },
                "namespace": "dbiplake-gft-poc",
                "resource_version": "AAX8WlSi9PM",
                "self_link": "/apis/serving.knative.dev/v1/namespaces/1058465357380/services/cloudrun-srv",
                "uid": "d660e77a-64f0-484d-bd77-8b1fa39b1c72"
              }
            ],
            "name": "cloudrun-srv",
            "project": "dbiplake-gft-poc",
            "status": [
              {
                "conditions": [
                  {
                    "message": "",
                    "reason": "",
                    "status": "True",
                    "type": "Ready"
                  },
                  {
                    "message": "",
                    "reason": "",
                    "status": "True",
                    "type": "ConfigurationsReady"
                  },
                  {
                    "message": "",
                    "reason": "",
                    "status": "True",
                    "type": "RoutesReady"
                  }
                ],
                "latest_created_revision_name": "cloudrun-srv-00001-8dz",
                "latest_ready_revision_name": "cloudrun-srv-00001-8dz",
                "observed_generation": 1,
                "url": "https://cloudrun-srv-mu3utdkgda-ey.a.run.app"
              }
            ],
            "template": [
              {
                "metadata": [
                  {
                    "annotations": {
                      "autoscaling.knative.dev/maxScale": "100"
                    },
                    "generation": 0,
                    "labels": {
                      "dont-delete": "till-31-12-2023",
                      "owner": "rdgi"
                    },
                    "name": "",
                    "namespace": "",
                    "resource_version": "",
                    "self_link": "",
                    "uid": ""
                  }
                ],
                "spec": [
                  {
                    "container_concurrency": 80,
                    "containers": [
                      {
                        "args": [],
                        "command": [],
                        "env": [],
                        "env_from": [],
                        "image": "us-docker.pkg.dev/cloudrun/container/hello",
                        "liveness_probe": [],
                        "ports": [
                          {
                            "container_port": 8080,
                            "name": "http1",
                            "protocol": ""
                          }
                        ],
                        "resources": [
                          {
                            "limits": {
                              "cpu": "1000m",
                              "memory": "512Mi"
                            },
                            "requests": {}
                          }
                        ],
                        "startup_probe": [
                          {
                            "failure_threshold": 1,
                            "grpc": [],
                            "http_get": [],
                            "initial_delay_seconds": 0,
                            "period_seconds": 240,
                            "tcp_socket": [
                              {
                                "port": 8080
                              }
                            ],
                            "timeout_seconds": 240
                          }
                        ],
                        "volume_mounts": [],
                        "working_dir": ""
                      }
                    ],
                    "service_account_name": "scheduler-sa@dbiplake-gft-poc.iam.gserviceaccount.com",
                    "serving_state": "",
                    "timeout_seconds": 300,
                    "volumes": []
                  }
                ]
              }
            ],
            "timeouts": null,
            "traffic": [
              {
                "latest_revision": true,
                "percent": 100,
                "revision_name": "",
                "tag": "",
                "url": ""
              }
            ]
          },
          "sensitive_attributes": [],
          "private": "eyJlMmJmYjczMC1lY2FhLTExZTYtOGY4OC0zNDM2M2JjN2M0YzAiOnsiY3JlYXRlIjoxMjAwMDAwMDAwMDAwLCJkZWxldGUiOjEyMDAwMDAwMDAwMDAsInVwZGF0ZSI6MTIwMDAwMDAwMDAwMH0sInNjaGVtYV92ZXJzaW9uIjoiMSJ9",
          "dependencies": [
            "google_project_service.iam_api",
            "google_project_service.run_api",
            "google_service_account.default"
          ]
        }
      ]
    },
    {
      "mode": "managed",
      "type": "google_project_service",
      "name": "iam_api",
      "provider": "provider[\"registry.terraform.io/hashicorp/google\"]",
      "instances": [
        {
          "schema_version": 0,
          "attributes": {
            "disable_dependent_services": null,
            "disable_on_destroy": true,
            "id": "dbiplake-gft-poc/iam.googleapis.com",
            "project": "dbiplake-gft-poc",
            "service": "iam.googleapis.com",
            "timeouts": null
          },
          "sensitive_attributes": [],
          "private": "eyJlMmJmYjczMC1lY2FhLTExZTYtOGY4OC0zNDM2M2JjN2M0YzAiOnsiY3JlYXRlIjoxMjAwMDAwMDAwMDAwLCJkZWxldGUiOjEyMDAwMDAwMDAwMDAsInJlYWQiOjYwMDAwMDAwMDAwMCwidXBkYXRlIjoxMjAwMDAwMDAwMDAwfX0="
        }
      ]
    },
    {
      "mode": "managed",
      "type": "google_project_service",
      "name": "registry_api",
      "provider": "provider[\"registry.terraform.io/hashicorp/google\"]",
      "instances": [
        {
          "schema_version": 0,
          "attributes": {
            "disable_dependent_services": null,
            "disable_on_destroy": true,
            "id": "dbiplake-gft-poc/artifactregistry.googleapis.com",
            "project": "dbiplake-gft-poc",
            "service": "artifactregistry.googleapis.com",
            "timeouts": null
          },
          "sensitive_attributes": [],
          "private": "eyJlMmJmYjczMC1lY2FhLTExZTYtOGY4OC0zNDM2M2JjN2M0YzAiOnsiY3JlYXRlIjoxMjAwMDAwMDAwMDAwLCJkZWxldGUiOjEyMDAwMDAwMDAwMDAsInJlYWQiOjYwMDAwMDAwMDAwMCwidXBkYXRlIjoxMjAwMDAwMDAwMDAwfX0="
        }
      ]
    },
    {
      "mode": "managed",
      "type": "google_project_service",
      "name": "run_api",
      "provider": "provider[\"registry.terraform.io/hashicorp/google\"]",
      "instances": [
        {
          "schema_version": 0,
          "attributes": {
            "disable_dependent_services": null,
            "disable_on_destroy": true,
            "id": "dbiplake-gft-poc/run.googleapis.com",
            "project": "dbiplake-gft-poc",
            "service": "run.googleapis.com",
            "timeouts": null
          },
          "sensitive_attributes": [],
          "private": "eyJlMmJmYjczMC1lY2FhLTExZTYtOGY4OC0zNDM2M2JjN2M0YzAiOnsiY3JlYXRlIjoxMjAwMDAwMDAwMDAwLCJkZWxldGUiOjEyMDAwMDAwMDAwMDAsInJlYWQiOjYwMDAwMDAwMDAwMCwidXBkYXRlIjoxMjAwMDAwMDAwMDAwfX0="
        }
      ]
    },
    {
      "mode": "managed",
      "type": "google_service_account",
      "name": "default",
      "provider": "provider[\"registry.terraform.io/hashicorp/google\"]",
      "instances": [
        {
          "schema_version": 0,
          "attributes": {
            "account_id": "scheduler-sa",
            "description": "Cloud Scheduler service account; used to trigger scheduled Cloud Run jobs.",
            "disabled": false,
            "display_name": "scheduler-sa",
            "email": "scheduler-sa@dbiplake-gft-poc.iam.gserviceaccount.com",
            "id": "projects/dbiplake-gft-poc/serviceAccounts/scheduler-sa@dbiplake-gft-poc.iam.gserviceaccount.com",
            "member": "serviceAccount:scheduler-sa@dbiplake-gft-poc.iam.gserviceaccount.com",
            "name": "projects/dbiplake-gft-poc/serviceAccounts/scheduler-sa@dbiplake-gft-poc.iam.gserviceaccount.com",
            "project": "dbiplake-gft-poc",
            "timeouts": null,
            "unique_id": "105762805621682566492"
          },
          "sensitive_attributes": [],
          "private": "eyJlMmJmYjczMC1lY2FhLTExZTYtOGY4OC0zNDM2M2JjN2M0YzAiOnsiY3JlYXRlIjozMDAwMDAwMDAwMDB9fQ==",
          "dependencies": [
            "google_project_service.iam_api"
          ]
        }
      ]
    },
    {
      "mode": "managed",
      "type": "google_storage_bucket",
      "name": "destination_bucket",
      "provider": "provider[\"registry.terraform.io/hashicorp/google\"]",
      "instances": [
        {
          "schema_version": 0,
          "attributes": {
            "autoclass": [],
            "cors": [],
            "custom_placement_config": [],
            "default_event_based_hold": false,
            "encryption": [],
            "force_destroy": false,
            "id": "ccdb34c111111b80-destination-bucket",
            "labels": {
              "dont-delete": "till-31-12-2023",
              "owner": "rdgi"
            },
            "lifecycle_rule": [],
            "location": "US",
            "logging": [],
            "name": "ccdb34c111111b80-destination-bucket",
            "project": "dbiplake-gft-poc",
            "public_access_prevention": "inherited",
            "requester_pays": false,
            "retention_policy": [],
            "self_link": "https://www.googleapis.com/storage/v1/b/ccdb34c111111b80-destination-bucket",
            "storage_class": "STANDARD",
            "timeouts": null,
            "uniform_bucket_level_access": true,
            "url": "gs://ccdb34c111111b80-destination-bucket",
            "versioning": [],
            "website": []
          },
          "sensitive_attributes": [],
          "private": "eyJlMmJmYjczMC1lY2FhLTExZTYtOGY4OC0zNDM2M2JjN2M0YzAiOnsiY3JlYXRlIjo2MDAwMDAwMDAwMDAsInJlYWQiOjI0MDAwMDAwMDAwMCwidXBkYXRlIjoyNDAwMDAwMDAwMDB9fQ==",
          "dependencies": [
            "random_id.bucket_prefix"
          ]
        }
      ]
    },
    {
      "mode": "managed",
      "type": "google_storage_bucket",
      "name": "source_bucket",
      "provider": "provider[\"registry.terraform.io/hashicorp/google\"]",
      "instances": [
        {
          "schema_version": 0,
          "attributes": {
            "autoclass": [],
            "cors": [],
            "custom_placement_config": [],
            "default_event_based_hold": false,
            "encryption": [],
            "force_destroy": false,
            "id": "ccdb34c111111b80-source-bucket",
            "labels": {
              "dont-delete": "till-31-12-2023",
              "owner": "rdgi"
            },
            "lifecycle_rule": [],
            "location": "US",
            "logging": [],
            "name": "ccdb34c111111b80-source-bucket",
            "project": "dbiplake-gft-poc",
            "public_access_prevention": "inherited",
            "requester_pays": false,
            "retention_policy": [],
            "self_link": "https://www.googleapis.com/storage/v1/b/ccdb34c111111b80-source-bucket",
            "storage_class": "STANDARD",
            "timeouts": null,
            "uniform_bucket_level_access": true,
            "url": "gs://ccdb34c111111b80-source-bucket",
            "versioning": [],
            "website": []
          },
          "sensitive_attributes": [],
          "private": "eyJlMmJmYjczMC1lY2FhLTExZTYtOGY4OC0zNDM2M2JjN2M0YzAiOnsiY3JlYXRlIjo2MDAwMDAwMDAwMDAsInJlYWQiOjI0MDAwMDAwMDAwMCwidXBkYXRlIjoyNDAwMDAwMDAwMDB9fQ==",
          "dependencies": [
            "random_id.bucket_prefix"
          ]
        }
      ]
    },
    {
      "mode": "managed",
      "type": "random_id",
      "name": "bucket_prefix",
      "provider": "provider[\"registry.terraform.io/hashicorp/random\"]",
      "instances": [
        {
          "schema_version": 0,
          "attributes": {
            "b64_std": "zNs0wRERG4A=",
            "b64_url": "zNs0wRERG4A",
            "byte_length": 8,
            "dec": "14761450207456598912",
            "hex": "ccdb34c111111b80",
            "id": "zNs0wRERG4A",
            "keepers": null,
            "prefix": null
          },
          "sensitive_attributes": []
        }
      ]
    }
  ]
}
